
Microsoft Visual Studio Solution File, Format Version 12.00
Project("{FAE04EC0-301F-11D3-BF4B-00C04F79EFBC}") = "KP.Worker", "KP.Worker\KP.Worker.csproj", "{C86541B5-C750-4611-83AF-24A7A0C02256}"
EndProject
Global
	GlobalSection(SolutionConfigurationPlatforms) = preSolution
		Debug|Any CPU = Debug|Any CPU
		Release|Any CPU = Release|Any CPU
	EndGlobalSection
	GlobalSection(ProjectConfigurationPlatforms) = postSolution
		{C86541B5-C750-4611-83AF-24A7A0C02256}.Debug|Any CPU.ActiveCfg = Debug|Any CPU
		{C86541B5-C750-4611-83AF-24A7A0C02256}.Debug|Any CPU.Build.0 = Debug|Any CPU
		{C86541B5-C750-4611-83AF-24A7A0C02256}.Release|Any CPU.ActiveCfg = Release|Any CPU
		{C86541B5-C750-4611-83AF-24A7A0C02256}.Release|Any CPU.Build.0 = Release|Any CPU
	EndGlobalSection
EndGlobal
